Microsoft Visual Studio Solution File, Format Version 12.00
# Visual Studio Version 17
VisualStudioVersion = 17.5.2.0
MinimumVisualStudioVersion = 10.0.40219.1
Project("{FAE04EC0-301F-11D3-BF4B-00C04F79EFBC}") = "bookstore_demo", "bookstore_demo.csproj", "{F51ABFD5-D75C-FDA7-1917-90560FCDB109}"
EndProject
Global
	GlobalSection(SolutionConfigurationPlatforms) = preSolution
		Debug|Any CPU = Debug|Any CPU
		Release|Any CPU = Release|Any CPU
	EndGlobalSection
	GlobalSection(ProjectConfigurationPlatforms) = postSolution
		{F51ABFD5-D75C-FDA7-1917-90560FCDB109}.Debug|Any CPU.ActiveCfg = Debug|Any CPU
		{F51ABFD5-D75C-FDA7-1917-90560FCDB109}.Debug|Any CPU.Build.0 = Debug|Any CPU
		{F51ABFD5-D75C-FDA7-1917-90560FCDB109}.Release|Any CPU.ActiveCfg = Release|Any CPU
		{F51ABFD5-D75C-FDA7-1917-90560FCDB109}.Release|Any CPU.Build.0 = Release|Any CPU
	EndGlobalSection
	GlobalSection(SolutionProperties) = preSolution
		HideSolutionNode = FALSE
	EndGlobalSection
	GlobalSection(ExtensibilityGlobals) = postSolution
		SolutionGuid = {6F70B28B-6166-45E0-B9D7-0F0FA391829E}
	EndGlobalSection
EndGlobal
